{
  "name": "3W5_Braeden_G",
  "lockfileVersion": 2,
  "requires": true,
  "packages": {
    "": {
      "dependencies": {
        "nearest-date": "^1.0.1"
      }
    },
    "node_modules/nearest-date": {
      "version": "1.0.1",
      "resolved": "https://registry.npmjs.org/nearest-date/-/nearest-date-1.0.1.tgz",
      "integrity": "sha1-gDXTUoIsa32LlQcQ5UReQaAdYrU="
    }
  },
  "dependencies": {
    "nearest-date": {
      "version": "1.0.1",
      "resolved": "https://registry.npmjs.org/nearest-date/-/nearest-date-1.0.1.tgz",
      "integrity": "sha1-gDXTUoIsa32LlQcQ5UReQaAdYrU="
    }
  }
}
